Microsoft Visual Studio Solution File, Format Version 12.00
# Visual Studio Version 17
VisualStudioVersion = 17.5.2.0
MinimumVisualStudioVersion = 10.0.40219.1
Project("{FAE04EC0-301F-11D3-BF4B-00C04F79EFBC}") = "CSharpBlackJack", "CSharpBlackJack.csproj", "{D628330D-54B5-EEB0-5086-87CF5376B3FC}"
EndProject
Global
	GlobalSection(SolutionConfigurationPlatforms) = preSolution
		Debug|Any CPU = Debug|Any CPU
		Release|Any CPU = Release|Any CPU
	EndGlobalSection
	GlobalSection(ProjectConfigurationPlatforms) = postSolution
		{D628330D-54B5-EEB0-5086-87CF5376B3FC}.Debug|Any CPU.ActiveCfg = Debug|Any CPU
		{D628330D-54B5-EEB0-5086-87CF5376B3FC}.Debug|Any CPU.Build.0 = Debug|Any CPU
		{D628330D-54B5-EEB0-5086-87CF5376B3FC}.Release|Any CPU.ActiveCfg = Release|Any CPU
		{D628330D-54B5-EEB0-5086-87CF5376B3FC}.Release|Any CPU.Build.0 = Release|Any CPU
	EndGlobalSection
	GlobalSection(SolutionProperties) = preSolution
		HideSolutionNode = FALSE
	EndGlobalSection
	GlobalSection(ExtensibilityGlobals) = postSolution
		SolutionGuid = {26FF71AF-8F67-4B59-AD59-852AE0C7D998}
	EndGlobalSection
EndGlobal
