# This file is automatically @generated by Cargo.
# It is not intended for manual editing.
version = 4

[[package]]
name = "cc"
version = "1.0.95"
source = "registry+https://github.com/rust-lang/crates.io-index"
checksum = "d32a725bc159af97c3e629873bb9f88fb8cf8a4867175f76dc987815ea07c83b"

[[package]]
name = "libc"
version = "0.2.153"
source = "registry+https://github.com/rust-lang/crates.io-index"
checksum = "9c198f91728a82281a64e1f4f9eeb25d82cb32a5de251c6bd1b5154d63a8e7bd"

[[package]]
name = "libmimalloc-sys"
version = "0.1.39"
source = "registry+https://github.com/rust-lang/crates.io-index"
checksum = "23aa6811d3bd4deb8a84dde645f943476d13b248d818edcf8ce0b2f37f036b44"
dependencies = [
 "cc",
 "libc",
]

[[package]]
name = "mimalloc"
version = "0.1.43"
source = "registry+https://github.com/rust-lang/crates.io-index"
checksum = "68914350ae34959d83f732418d51e2427a794055d0b9529f48259ac07af65633"
dependencies = [
 "libmimalloc-sys",
]

[[package]]
name = "rust_black_jack"
version = "0.1.0"
dependencies = [
 "mimalloc",
]
