# This file is automatically @generated by Cargo.
# It is not intended for manual editing.
version = 3

[[package]]
name = "cc"
version = "1.0.69"
source = "registry+https://github.com/rust-lang/crates.io-index"
checksum = "e70cc2f62c6ce1868963827bd677764c62d07c3d9a3e1fb1177ee1a9ab199eb2"

[[package]]
name = "lazy_static"
version = "1.4.0"
source = "registry+https://github.com/rust-lang/crates.io-index"
checksum = "e2abad23fbc42b3700f2f279844dc832adb2b2eb069b2df918f455c4e18cc646"

[[package]]
name = "libmimalloc-sys"
version = "0.1.25"
source = "registry+https://github.com/rust-lang/crates.io-index"
checksum = "11ca136052550448f55df7898c6dbe651c6b574fe38a0d9ea687a9f8088a2e2c"
dependencies = [
 "cc",
]

[[package]]
name = "mimalloc"
version = "0.1.29"
source = "registry+https://github.com/rust-lang/crates.io-index"
checksum = "2f64ad83c969af2e732e907564deb0d0ed393cec4af80776f77dd77a1a427698"
dependencies = [
 "libmimalloc-sys",
]

[[package]]
name = "rust_black_jack"
version = "0.1.0"
dependencies = [
 "lazy_static",
 "mimalloc",
]
